{
    "name": "node-red-project",
    "version": "0.0.1",
    "lockfileVersion": 2,
    "requires": true,
    "packages": {
        "": {
            "name": "node-red-project",
            "version": "0.0.1",
            "dependencies": {
                "node-red-contrib-controltimer": "~0.1.0",
                "node-red-contrib-sun-position": "~2.1.1"
            }
        },
        "node_modules/lodash.clonedeep": {
            "version": "4.5.0",
            "resolved": "https://registry.npmjs.org/lodash.clonedeep/-/lodash.clonedeep-4.5.0.tgz",
            "integrity": "sha1-4j8/nE+Pvd6HJSnBBxhXoIblzO8="
        },
        "node_modules/lodash.isequal": {
            "version": "4.5.0",
            "resolved": "https://registry.npmjs.org/lodash.isequal/-/lodash.isequal-4.5.0.tgz",
            "integrity": "sha1-QVxEePK8wwEgwizhDtMib30+GOA="
        },
        "node_modules/node-red-contrib-controltimer": {
            "version": "0.1.0",
            "resolved": "https://registry.npmjs.org/node-red-contrib-controltimer/-/node-red-contrib-controltimer-0.1.0.tgz",
            "integrity": "sha512-GqLuykRy4yyB91uRAUL32Zxqj/47quOnMis9KHhJNNufdXJfdYHDaFFQvb/CgSM/WhlbBZqQ8YR5wrXzwkChpQ==",
            "engines": {
                "node": ">=12.17.0"
            }
        },
        "node_modules/node-red-contrib-sun-position": {
            "version": "2.1.1",
            "resolved": "https://registry.npmjs.org/node-red-contrib-sun-position/-/node-red-contrib-sun-position-2.1.1.tgz",
            "integrity": "sha512-9jMY2Icg4pFpJxxdqsW070V1bL3Sqz3eRYL1QlMfEfpq6t9kI2upRdQskQJclKPa/itfBjzDpyB8EN01ka/Mrg==",
            "dependencies": {
                "lodash.clonedeep": "^4.5.0",
                "lodash.isequal": "^4.5.0"
            },
            "engines": {
                "node": ">=8.0.0"
            }
        }
    },
    "dependencies": {
        "lodash.clonedeep": {
            "version": "4.5.0",
            "resolved": "https://registry.npmjs.org/lodash.clonedeep/-/lodash.clonedeep-4.5.0.tgz",
            "integrity": "sha1-4j8/nE+Pvd6HJSnBBxhXoIblzO8="
        },
        "lodash.isequal": {
            "version": "4.5.0",
            "resolved": "https://registry.npmjs.org/lodash.isequal/-/lodash.isequal-4.5.0.tgz",
            "integrity": "sha1-QVxEePK8wwEgwizhDtMib30+GOA="
        },
        "node-red-contrib-controltimer": {
            "version": "0.1.0",
            "resolved": "https://registry.npmjs.org/node-red-contrib-controltimer/-/node-red-contrib-controltimer-0.1.0.tgz",
            "integrity": "sha512-GqLuykRy4yyB91uRAUL32Zxqj/47quOnMis9KHhJNNufdXJfdYHDaFFQvb/CgSM/WhlbBZqQ8YR5wrXzwkChpQ=="
        },
        "node-red-contrib-sun-position": {
            "version": "2.1.1",
            "resolved": "https://registry.npmjs.org/node-red-contrib-sun-position/-/node-red-contrib-sun-position-2.1.1.tgz",
            "integrity": "sha512-9jMY2Icg4pFpJxxdqsW070V1bL3Sqz3eRYL1QlMfEfpq6t9kI2upRdQskQJclKPa/itfBjzDpyB8EN01ka/Mrg==",
            "requires": {
                "lodash.clonedeep": "^4.5.0",
                "lodash.isequal": "^4.5.0"
            }
        }
    }
}
